{
    "_meta": {
        "hash": {
            "sha256": "5d7f04406609198b32ddb1929b4fd7a224f42b8f5cd07fa3dd0ddeace787c8e2"
        },
        "pipfile-spec": 6,
        "requires": {
            "python_version": "3.11"
        },
        "sources": [
            {
                "name": "pypi",
                "url": "https://pypi.org/simple",
                "verify_ssl": true
            }
        ]
    },
    "default": {
        "amqp": {
            "hashes": [
                "sha256:43b3319e1b4e7d1251833a93d672b4af1e40f3d632d479b98661a95f117880a2",
                "sha256:cddc00c725449522023bad949f70fff7b48f0b1ade74d170a6f10ab044739432"
            ],
            "markers": "python_version >= '3.6'",
            "version": "==5.3.1"
        },
        "asgiref": {
            "hashes": [
                "sha256:3e1e3ecc849832fe52ccf2cb6686b7a55f82bb1d6aee72a58826471390335e47",
                "sha256:c343bd80a0bec947a9860adb4c432ffa7db769836c64238fc34bdc3fec84d590"
            ],
            "markers": "python_version >= '3.8'",
            "version": "==3.8.1"
        },
        "billiard": {
            "hashes": [
                "sha256:12b641b0c539073fc8d3f5b8b7be998956665c4233c7c1fcd66a7e677c4fb36f",
                "sha256:40b59a4ac8806ba2c2369ea98d876bc6108b051c227baffd928c644d15d8f3cb"
            ],
            "markers": "python_version >= '3.7'",
            "version": "==4.2.1"
        },
        "celery": {
            "hashes": [
                "sha256:870cc71d737c0200c397290d730344cc991d13a057534353d124c9380267aab9",
                "sha256:9da4ea0118d232ce97dff5ed4974587fb1c0ff5c10042eb15278487cdd27d1af"
            ],
            "index": "pypi",
            "markers": "python_version >= '3.8'",
            "version": "==5.3.6"
        },
        "click": {
            "hashes": [
                "sha256:63c132bbbed01578a06712a2d1f497bb62d9c1c0d329b7903a866228027263b2",
                "sha256:ed53c9d8990d83c2a27deae68e4ee337473f6330c040a31d4225c9574d16096a"
            ],
            "markers": "python_version >= '3.7'",
            "version": "==8.1.8"
        },
        "click-didyoumean": {
            "hashes": [
                "sha256:4f82fdff0dbe64ef8ab2279bd6aa3f6a99c3b28c05aa09cbfc07c9d7fbb5a463",
                "sha256:5c4bb6007cfea5f2fd6583a2fb6701a22a41eb98957e63d0fac41c10e7c3117c"
            ],
            "markers": "python_full_version >= '3.6.2'",
            "version": "==0.3.1"
        },
        "click-plugins": {
            "hashes": [
                "sha256:46ab999744a9d831159c3411bb0c79346d94a444df9a3a3742e9ed63645f264b",
                "sha256:5d262006d3222f5057fd81e1623d4443e41dcda5dc815c06b442aa3c02889fc8"
            ],
            "version": "==1.1.1"
        },
        "click-repl": {
            "hashes": [
                "sha256:17849c23dba3d667247dc4defe1757fff98694e90fe37474f3feebb69ced26a9",
                "sha256:fb7e06deb8da8de86180a33a9da97ac316751c094c6899382da7feeeeb51b812"
            ],
            "markers": "python_version >= '3.6'",
            "version": "==0.3.0"
        },
        "colorama": {
            "hashes": [
                "sha256:08695f5cb7ed6e0531a20572697297273c47b8cae5a63ffc6d6ed5c201be6e44",
                "sha256:4f1d9991f5acc0ca119f9d443620b77f9d6b33703e51011c16baf57afb285fc6"
            ],
            "markers": "python_version >= '2.7' and python_version not in '3.0, 3.1, 3.2, 3.3, 3.4, 3.5, 3.6'",
            "version": "==0.4.6"
        },
        "cron-descriptor": {
            "hashes": [
                "sha256:736b3ae9d1a99bc3dbfc5b55b5e6e7c12031e7ba5de716625772f8b02dcd6013",
                "sha256:f51ce4ffc1d1f2816939add8524f206c376a42c87a5fca3091ce26725b3b1bca"
            ],
            "version": "==1.4.5"
        },
        "django": {
            "hashes": [
                "sha256:61ee4a130efb8c451ef3467c67ca99fdce400fedd768634efc86a68c18d80d30",
                "sha256:c77f926b81129493961e19c0e02188f8d07c112a1162df69bfab178ae447f94a"
            ],
            "index": "pypi",
            "markers": "python_version >= '3.8'",
            "version": "==4.2.15"
        },
        "django-appconf": {
            "hashes": [
                "sha256:7abd5a163ff57557f216e84d3ce9dac36c37ffce1ab9a044d3d53b7c943dd10f",
                "sha256:9fcead372f82a0f21ee189434e7ae9c007cbb29af1118c18251720f3d06243e4"
            ],
            "markers": "python_version >= '3.9'",
            "version": "==1.1.0"
        },
        "django-celery-beat": {
            "hashes": [
                "sha256:f75b2d129731f1214be8383e18fae6bfeacdb55dffb2116ce849222c0106f9ad"
            ],
            "index": "pypi",
            "version": "==2.6.0"
        },
        "django-celery-email": {
            "hashes": [
                "sha256:0f72da39cb2ea83c69440566e87f27cd72f68f247f98ce99fb29889fcf329406",
                "sha256:5546cbba80952cc3b8a0ffa4206ce90a4a996a7ffd1c385a2bdb65903ca18ece"
            ],
            "index": "pypi",
            "version": "==3.0.0"
        },
        "django-redis": {
            "hashes": [
                "sha256:6a02abaa34b0fea8bf9b707d2c363ab6adc7409950b2db93602e6cb292818c42",
                "sha256:ebc88df7da810732e2af9987f7f426c96204bf89319df4c6da6ca9a2942edd5b"
            ],
            "index": "pypi",
            "markers": "python_version >= '3.6'",
            "version": "==5.4.0"
        },
        "django-timezone-field": {
            "hashes": [
                "sha256:93914713ed882f5bccda080eda388f7006349f25930b6122e9b07bf8db49c4b4",
                "sha256:b3ef409d88a2718b566fabe10ea996f2838bc72b22d3a2900c0aa905c761380c"
            ],
            "markers": "python_version >= '3.8' and python_version < '4.0'",
            "version": "==7.1"
        },
        "flower": {
            "hashes": [
                "sha256:5ab717b979530770c16afb48b50d2a98d23c3e9fe39851dcf6bc4d01845a02a0",
                "sha256:9db2c621eeefbc844c8dd88be64aef61e84e2deb29b271e02ab2b5b9f01068e2"
            ],
            "index": "pypi",
            "markers": "python_version >= '3.7'",
            "version": "==2.0.1"
        },
        "humanize": {
            "hashes": [
                "sha256:ce0715740e9caacc982bb89098182cf8ded3552693a433311c6a4ce6f4e12a2c",
                "sha256:e4e44dced598b7e03487f3b1c6fd5b1146c30ea55a110e71d5d4bca3e094259e"
            ],
            "markers": "python_version >= '3.9'",
            "version": "==4.12.2"
        },
        "kombu": {
            "hashes": [
                "sha256:021a0e11fcfcd9b0260ef1fb64088c0e92beb976eb59c1dfca7ddd4ad4562ea2",
                "sha256:5b0dbceb4edee50aa464f59469d34b97864be09111338cfb224a10b6a163909b"
            ],
            "markers": "python_version >= '3.8'",
            "version": "==5.5.3"
        },
        "loguru": {
            "hashes": [
                "sha256:003d71e3d3ed35f0f8984898359d65b79e5b21943f78af86aa5491210429b8eb",
                "sha256:e671a53522515f34fd406340ee968cb9ecafbc4b36c679da03c18fd8d0bd51ac"
            ],
            "index": "pypi",
            "markers": "python_version >= '3.5'",
            "version": "==0.7.2"
        },
        "prometheus-client": {
            "hashes": [
                "sha256:252505a722ac04b0456be05c05f75f45d760c2911ffc45f2a06bcaed9f3ae3fb",
                "sha256:594b45c410d6f4f8888940fe80b5cc2521b305a1fafe1c58609ef715a001f301"
            ],
            "markers": "python_version >= '3.8'",
            "version": "==0.21.1"
        },
        "prompt-toolkit": {
            "hashes": [
                "sha256:52742911fde84e2d423e2f9a4cf1de7d7ac4e51958f648d9540e0fb8db077b07",
                "sha256:931a162e3b27fc90c86f1b48bb1fb2c528c2761475e57c9c06de13311c7b54ed"
            ],
            "markers": "python_version >= '3.8'",
            "version": "==3.0.51"
        },
        "python-crontab": {
            "hashes": [
                "sha256:40067d1dd39ade3460b2ad8557c7651514cd3851deffff61c5c60e1227c5c36b",
                "sha256:82cb9b6a312d41ff66fd3caf3eed7115c28c195bfb50711bc2b4b9592feb9fe5"
            ],
            "version": "==3.2.0"
        },
        "python-dateutil": {
            "hashes": [
                "sha256:78e73e19c63f5b20ffa567001531680d939dc042bf7850431877645523c66709",
                "sha256:cbf2f1da5e6083ac2fbfd4da39a25f34312230110440f424a14c7558bb85d82e"
            ],
            "index": "pypi",
            "markers": "python_version >= '2.7' and python_version not in '3.0, 3.1, 3.2'",
            "version": "==2.9.0"
        },
        "pytz": {
            "hashes": [
                "sha256:360b9e3dbb49a209c21ad61809c7fb453643e048b38924c765813546746e81c3",
                "sha256:5ddf76296dd8c44c26eb8f4b6f35488f3ccbf6fbbd7adee0b7262d43f0ec2f00"
            ],
            "version": "==2025.2"
        },
        "redis": {
            "hashes": [
                "sha256:4973bae7444c0fbed64a06b87446f79361cb7e4ec1538c022d696ed7a5015580",
                "sha256:5da9b8fe9e1254293756c16c008e8620b3d15fcc6dde6babde9541850e72a32d"
            ],
            "index": "pypi",
            "markers": "python_version >= '3.7'",
            "version": "==5.0.3"
        },
        "six": {
            "hashes": [
                "sha256:4721f391ed90541fddacab5acf947aa0d3dc7d27b2e1e8eda2be8970586c3274",
                "sha256:ff70335d468e7eb6ec65b95b99d3a2836546063f63acc5171de367e834932a81"
            ],
            "markers": "python_version >= '2.7' and python_version not in '3.0, 3.1, 3.2'",
            "version": "==1.17.0"
        },
        "sqlparse": {
            "hashes": [
                "sha256:09f67787f56a0b16ecdbde1bfc7f5d9c3371ca683cfeaa8e6ff60b4807ec9272",
                "sha256:cf2196ed3418f3ba5de6af7e82c694a9fbdbfecccdfc72e281548517081f16ca"
            ],
            "markers": "python_version >= '3.8'",
            "version": "==0.5.3"
        },
        "tornado": {
            "hashes": [
                "sha256:072ce12ada169c5b00b7d92a99ba089447ccc993ea2143c9ede887e0937aa803",
                "sha256:1a017d239bd1bb0919f72af256a970624241f070496635784d9bf0db640d3fec",
                "sha256:2876cef82e6c5978fde1e0d5b1f919d756968d5b4282418f3146b79b58556482",
                "sha256:304463bd0772442ff4d0f5149c6f1c2135a1fae045adf070821c6cdc76980634",
                "sha256:908b71bf3ff37d81073356a5fadcc660eb10c1476ee6e2725588626ce7e5ca38",
                "sha256:92bad5b4746e9879fd7bf1eb21dce4e3fc5128d71601f80005afa39237ad620b",
                "sha256:932d195ca9015956fa502c6b56af9eb06106140d844a335590c1ec7f5277d10c",
                "sha256:bca9eb02196e789c9cb5c3c7c0f04fb447dc2adffd95265b2c7223a8a615ccbf",
                "sha256:c36e62ce8f63409301537222faffcef7dfc5284f27eec227389f2ad11b09d946",
                "sha256:c82c46813ba483a385ab2a99caeaedf92585a1f90defb5693351fa7e4ea0bf73",
                "sha256:e828cce1123e9e44ae2a50a9de3055497ab1d0aeb440c5ac23064d9e44880da1"
            ],
            "markers": "python_version >= '3.8'",
            "version": "==6.4.2"
        },
        "tzdata": {
            "hashes": [
                "sha256:1a403fada01ff9221ca8044d701868fa132215d84beb92242d9acd2147f667a8",
                "sha256:b60a638fcc0daffadf82fe0f57e53d06bdec2f36c4df66280ae79bce6bd6f2b9"
            ],
            "markers": "python_version >= '2'",
            "version": "==2025.2"
        },
        "vine": {
            "hashes": [
                "sha256:40fdf3c48b2cfe1c38a49e9ae2da6fda88e4794c810050a728bd7413811fb1dc",
                "sha256:8b62e981d35c41049211cf62a0a1242d8c1ee9bd15bb196ce38aefd6799e61e0"
            ],
            "markers": "python_version >= '3.6'",
            "version": "==5.1.0"
        },
        "wcwidth": {
            "hashes": [
                "sha256:3da69048e4540d84af32131829ff948f1e022c1c6bdb8d6102117aac784f6859",
                "sha256:72ea0c06399eb286d978fdedb6923a9eb47e1c486ce63e9b4e64fc18303972b5"
            ],
            "version": "==0.2.13"
        },
        "win32-setctime": {
            "hashes": [
                "sha256:95d644c4e708aba81dc3704a116d8cbc974d70b3bdb8be1d150e36be6e9d1390",
                "sha256:ae1fdf948f5640aae05c511ade119313fb6a30d7eabe25fef9764dca5873c4c0"
            ],
            "markers": "python_version >= '3.5'",
            "version": "==1.2.0"
        }
    },
    "develop": {
        "anyio": {
            "hashes": [
                "sha256:673c0c244e15788651a4ff38710fea9675823028a6f08a5eda409e0c9840a028",
                "sha256:9f76d541cad6e36af7beb62e978876f3b41e3e04f2c1fbf0884604c0a9c4d93c"
            ],
            "markers": "python_version >= '3.9'",
            "version": "==4.9.0"
        },
        "black": {
            "hashes": [
                "sha256:09cdeb74d494ec023ded657f7092ba518e8cf78fa8386155e4a03fdcc44679e6",
                "sha256:1f13f7f386f86f8121d76599114bb8c17b69d962137fc70efe56137727c7047e",
                "sha256:2500945420b6784c38b9ee885af039f5e7471ef284ab03fa35ecdde4688cd83f",
                "sha256:2b59b250fdba5f9a9cd9d0ece6e6d993d91ce877d121d161e4698af3eb9c1018",
                "sha256:3c4285573d4897a7610054af5a890bde7c65cb466040c5f0c8b732812d7f0e5e",
                "sha256:505289f17ceda596658ae81b61ebbe2d9b25aa78067035184ed0a9d855d18afd",
                "sha256:62e8730977f0b77998029da7971fa896ceefa2c4c4933fcd593fa599ecbf97a4",
                "sha256:649f6d84ccbae73ab767e206772cc2d7a393a001070a4c814a546afd0d423aed",
                "sha256:6e55d30d44bed36593c3163b9bc63bf58b3b30e4611e4d88a0c3c239930ed5b2",
                "sha256:707a1ca89221bc8a1a64fb5e15ef39cd755633daa672a9db7498d1c19de66a42",
                "sha256:72901b4913cbac8972ad911dc4098d5753704d1f3c56e44ae8dce99eecb0e3af",
                "sha256:73bbf84ed136e45d451a260c6b73ed674652f90a2b3211d6a35e78054563a9bb",
                "sha256:7c046c1d1eeb7aea9335da62472481d3bbf3fd986e093cffd35f4385c94ae368",
                "sha256:81c6742da39f33b08e791da38410f32e27d632260e599df7245cccee2064afeb",
                "sha256:837fd281f1908d0076844bc2b801ad2d369c78c45cf800cad7b61686051041af",
                "sha256:972085c618ee94f402da1af548a4f218c754ea7e5dc70acb168bfaca4c2542ed",
                "sha256:9e84e33b37be070ba135176c123ae52a51f82306def9f7d063ee302ecab2cf47",
                "sha256:b19c9ad992c7883ad84c9b22aaa73562a16b819c1d8db7a1a1a49fb7ec13c7d2",
                "sha256:d6417535d99c37cee4091a2f24eb2b6d5ec42b144d50f1f2e436d9fe1916fe1a",
                "sha256:eab4dd44ce80dea27dc69db40dab62d4ca96112f87996bca68cd75639aeb2e4c",
                "sha256:f490dbd59680d809ca31efdae20e634f3fae27fba3ce0ba3208333b713bc3920",
                "sha256:fb6e2c0b86bbd43dee042e48059c9ad7830abd5c94b0bc518c0eeec57c3eddc1"
            ],
            "index": "pypi",
            "markers": "python_version >= '3.8'",
            "version": "==24.8.0"
        },
        "click": {
            "hashes": [
                "sha256:63c132bbbed01578a06712a2d1f497bb62d9c1c0d329b7903a866228027263b2",
                "sha256:ed53c9d8990d83c2a27deae68e4ee337473f6330c040a31d4225c9574d16096a"
            ],
            "markers": "python_version >= '3.7'",
            "version": "==8.1.8"
        },
        "colorama": {
            "hashes": [
                "sha256:08695f5cb7ed6e0531a20572697297273c47b8cae5a63ffc6d6ed5c201be6e44",
                "sha256:4f1d9991f5acc0ca119f9d443620b77f9d6b33703e51011c16baf57afb285fc6"
            ],
            "markers": "python_version >= '2.7' and python_version not in '3.0, 3.1, 3.2, 3.3, 3.4, 3.5, 3.6'",
            "version": "==0.4.6"
        },
        "idna": {
            "hashes": [
                "sha256:12f65c9b470abda6dc35cf8e63cc574b1c52b11df2c86030af0ac09b01b13ea9",
                "sha256:946d195a0d259cbba61165e88e65941f16e9b36ea6ddb97f00452bae8b1287d3"
            ],
            "markers": "python_version >= '3.6'",
            "version": "==3.10"
        },
        "mypy-extensions": {
            "hashes": [
                "sha256:4392f6c0eb8a5668a69e23d168ffa70f0be9ccfd32b5cc2d26a34ae5b844552d",
                "sha256:75dbf8955dc00442a438fc4d0666508a9a97b6bd41aa2f0ffe9d2f2725af0782"
            ],
            "markers": "python_version >= '3.5'",
            "version": "==1.0.0"
        },
        "packaging": {
            "hashes": [
                "sha256:09abb1bccd265c01f4a3aa3f7a7db064b36514d2cba19a2f694fe6150451a759",
                "sha256:c228a6dc5e932d346bc5739379109d49e8853dd8223571c7c5b55260edc0b97f"
            ],
            "markers": "python_version >= '3.8'",
            "version": "==24.2"
        },
        "pathspec": {
            "hashes": [
                "sha256:a0d503e138a4c123b27490a4f7beda6a01c6f288df0e4a8b79c7eb0dc7b4cc08",
                "sha256:a482d51503a1ab33b1c67a6c3813a26953dbdc71c31dacaef9a838c4e29f5712"
            ],
            "markers": "python_version >= '3.8'",
            "version": "==0.12.1"
        },
        "platformdirs": {
            "hashes": [
                "sha256:a03875334331946f13c549dbd8f4bac7a13a50a895a0eb1e8c6a8ace80d40a94",
                "sha256:eb437d586b6a0986388f0d6f74aa0cde27b48d0e3d66843640bfb6bdcdb6e351"
            ],
            "markers": "python_version >= '3.9'",
            "version": "==4.3.7"
        },
        "sniffio": {
            "hashes": [
                "sha256:2f6da418d1f1e0fddd844478f41680e794e6051915791a034ff65e5f100525a2",
                "sha256:f4324edc670a0f49750a81b895f35c3adb843cca46f0530f79fc1babb23789dc"
            ],
            "markers": "python_version >= '3.7'",
            "version": "==1.3.1"
        },
        "typing-extensions": {
            "hashes": [
                "sha256:a439e7c04b49fec3e5d3e2beaa21755cadbbdc391694e28ccdd36ca4a1408f8c",
                "sha256:e6c81219bd689f51865d9e372991c540bda33a0379d5573cddb9a3a23f7caaef"
            ],
            "markers": "python_version >= '3.8'",
            "version": "==4.13.2"
        },
        "watchfiles": {
            "hashes": [
                "sha256:00095dd368f73f8f1c3a7982a9801190cc88a2f3582dd395b289294f8975172b",
                "sha256:00ad0bcd399503a84cc688590cdffbe7a991691314dde5b57b3ed50a41319a31",
                "sha256:00f39592cdd124b4ec5ed0b1edfae091567c72c7da1487ae645426d1b0ffcad1",
                "sha256:030bc4e68d14bcad2294ff68c1ed87215fbd9a10d9dea74e7cfe8a17869785ab",
                "sha256:052d668a167e9fc345c24203b104c313c86654dd6c0feb4b8a6dfc2462239249",
                "sha256:067dea90c43bf837d41e72e546196e674f68c23702d3ef80e4e816937b0a3ffd",
                "sha256:0b04a2cbc30e110303baa6d3ddce8ca3664bc3403be0f0ad513d1843a41c97d1",
                "sha256:0bc3b2f93a140df6806c8467c7f51ed5e55a931b031b5c2d7ff6132292e803d6",
                "sha256:0c8e0aa0e8cc2a43561e0184c0513e291ca891db13a269d8d47cb9841ced7c71",
                "sha256:103622865599f8082f03af4214eaff90e2426edff5e8522c8f9e93dc17caee13",
                "sha256:1235c11510ea557fe21be5d0e354bae2c655a8ee6519c94617fe63e05bca4171",
                "sha256:1cc0cba54f47c660d9fa3218158b8963c517ed23bd9f45fe463f08262a4adae1",
                "sha256:1d9188979a58a096b6f8090e816ccc3f255f137a009dd4bbec628e27696d67c1",
                "sha256:213792c2cd3150b903e6e7884d40660e0bcec4465e00563a5fc03f30ea9c166c",
                "sha256:25c817ff2a86bc3de3ed2df1703e3d24ce03479b27bb4527c57e722f8554d971",
                "sha256:2627a91e8110b8de2406d8b2474427c86f5a62bf7d9ab3654f541f319ef22bcb",
                "sha256:280a4afbc607cdfc9571b9904b03a478fc9f08bbeec382d648181c695648202f",
                "sha256:28324d6b28bcb8d7c1041648d7b63be07a16db5510bea923fc80b91a2a6cbed6",
                "sha256:28585744c931576e535860eaf3f2c0ec7deb68e3b9c5a85ca566d69d36d8dd27",
                "sha256:28f393c1194b6eaadcdd8f941307fc9bbd7eb567995232c830f6aef38e8a6e88",
                "sha256:2abeb79209630da981f8ebca30a2c84b4c3516a214451bfc5f106723c5f45843",
                "sha256:2bdadf6b90c099ca079d468f976fd50062905d61fae183f769637cb0f68ba59a",
                "sha256:2f350cbaa4bb812314af5dab0eb8d538481e2e2279472890864547f3fe2281ed",
                "sha256:3218a6f908f6a276941422b035b511b6d0d8328edd89a53ae8c65be139073f84",
                "sha256:3973145235a38f73c61474d56ad6199124e7488822f3a4fc97c72009751ae3b0",
                "sha256:3a0d883351a34c01bd53cfa75cd0292e3f7e268bacf2f9e33af4ecede7e21d1d",
                "sha256:425440e55cd735386ec7925f64d5dde392e69979d4c8459f6bb4e920210407f2",
                "sha256:4b9f2a128a32a2c273d63eb1fdbf49ad64852fc38d15b34eaa3f7ca2f0d2b797",
                "sha256:4cc382083afba7918e32d5ef12321421ef43d685b9a67cc452a6e6e18920890e",
                "sha256:52fc9b0dbf54d43301a19b236b4a4614e610605f95e8c3f0f65c3a456ffd7d35",
                "sha256:55b7cc10261c2786c41d9207193a85c1db1b725cf87936df40972aab466179b6",
                "sha256:581f0a051ba7bafd03e17127735d92f4d286af941dacf94bcf823b101366249e",
                "sha256:5834e1f8b71476a26df97d121c0c0ed3549d869124ed2433e02491553cb468c2",
                "sha256:5e45fb0d70dda1623a7045bd00c9e036e6f1f6a85e4ef2c8ae602b1dfadf7550",
                "sha256:61af9efa0733dc4ca462347becb82e8ef4945aba5135b1638bfc20fad64d4f0e",
                "sha256:68fe0c4d22332d7ce53ad094622b27e67440dacefbaedd29e0794d26e247280c",
                "sha256:72a44e9481afc7a5ee3291b09c419abab93b7e9c306c9ef9108cb76728ca58d2",
                "sha256:7a74436c415843af2a769b36bf043b6ccbc0f8d784814ba3d42fc961cdb0a9dc",
                "sha256:8597b6f9dc410bdafc8bb362dac1cbc9b4684a8310e16b1ff5eee8725d13dcd6",
                "sha256:8c39987a1397a877217be1ac0fb1d8b9f662c6077b90ff3de2c05f235e6a8f96",
                "sha256:8c3e3675e6e39dc59b8fe5c914a19d30029e36e9f99468dddffd432d8a7b1c93",
                "sha256:8dc1fc25a1dedf2dd952909c8e5cb210791e5f2d9bc5e0e8ebc28dd42fed7562",
                "sha256:8fdebb655bb1ba0122402352b0a4254812717a017d2dc49372a1d47e24073795",
                "sha256:9165bcab15f2b6d90eedc5c20a7f8a03156b3773e5fb06a790b54ccecdb73385",
                "sha256:94ebe84a035993bb7668f58a0ebf998174fb723a39e4ef9fce95baabb42b787f",
                "sha256:9624a68b96c878c10437199d9a8b7d7e542feddda8d5ecff58fdc8e67b460848",
                "sha256:96eec15e5ea7c0b6eb5bfffe990fc7c6bd833acf7e26704eb18387fb2f5fd087",
                "sha256:97b94e14b88409c58cdf4a8eaf0e67dfd3ece7e9ce7140ea6ff48b0407a593ec",
                "sha256:988e981aaab4f3955209e7e28c7794acdb690be1efa7f16f8ea5aba7ffdadacb",
                "sha256:a8a31bfd98f846c3c284ba694c6365620b637debdd36e46e1859c897123aa232",
                "sha256:a927b3034d0672f62fb2ef7ea3c9fc76d063c4b15ea852d1db2dc75fe2c09696",
                "sha256:ace7d060432acde5532e26863e897ee684780337afb775107c0a90ae8dbccfd2",
                "sha256:aec83c3ba24c723eac14225194b862af176d52292d271c98820199110e31141e",
                "sha256:b44b70850f0073b5fcc0b31ede8b4e736860d70e2dbf55701e05d3227a154a67",
                "sha256:b610fb5e27825b570554d01cec427b6620ce9bd21ff8ab775fc3a32f28bba63e",
                "sha256:b810a2c7878cbdecca12feae2c2ae8af59bea016a78bc353c184fa1e09f76b68",
                "sha256:bbf8a20266136507abf88b0df2328e6a9a7c7309e8daff124dda3803306a9fdb",
                "sha256:bd4c06100bce70a20c4b81e599e5886cf504c9532951df65ad1133e508bf20be",
                "sha256:c2444dc7cb9d8cc5ab88ebe792a8d75709d96eeef47f4c8fccb6df7c7bc5be71",
                "sha256:c49b76a78c156979759d759339fb62eb0549515acfe4fd18bb151cc07366629c",
                "sha256:c4a65474fd2b4c63e2c18ac67a0c6c66b82f4e73e2e4d940f837ed3d2fd9d4da",
                "sha256:c5af2347d17ab0bd59366db8752d9e037982e259cacb2ba06f2c41c08af02c39",
                "sha256:c668228833c5619f6618699a2c12be057711b0ea6396aeaece4ded94184304ea",
                "sha256:c7b978c384e29d6c7372209cbf421d82286a807bbcdeb315427687f8371c340a",
                "sha256:d048ad5d25b363ba1d19f92dcf29023988524bee6f9d952130b316c5802069cb",
                "sha256:d3e1f3cf81f1f823e7874ae563457828e940d75573c8fbf0ee66818c8b6a9099",
                "sha256:d47e9ef1a94cc7a536039e46738e17cce058ac1593b2eccdede8bf72e45f372a",
                "sha256:da1e0a8caebf17976e2ffd00fa15f258e14749db5e014660f53114b676e68538",
                "sha256:dc1b9b56f051209be458b87edb6856a449ad3f803315d87b2da4c93b43a6fe72",
                "sha256:dc2e8fe41f3cac0660197d95216c42910c2b7e9c70d48e6d84e22f577d106fc1",
                "sha256:dc92d2d2706d2b862ce0568b24987eba51e17e14b79a1abcd2edc39e48e743c8",
                "sha256:dd64f3a4db121bc161644c9e10a9acdb836853155a108c2446db2f5ae1778c3d",
                "sha256:e0f0a874231e2839abbf473256efffe577d6ee2e3bfa5b540479e892e47c172d",
                "sha256:f7e1f9c5d1160d03b93fc4b68a0aeb82fe25563e12fbcdc8507f8434ab6f823c",
                "sha256:fe82d13461418ca5e5a808a9e40f79c1879351fcaeddbede094028e74d836e86"
            ],
            "index": "pypi",
            "markers": "python_version >= '3.8'",
            "version": "==0.22.0"
        }
    }
}
